{
  "name": "handgesturepainting",
  "lockfileVersion": 2,
  "requires": true,
  "packages": {
    "": {
      "dependencies": {
        "konva": "^8.4.2",
        "vue-konva": "^2.1.7"
      }
    },
    "node_modules/konva": {
      "version": "8.4.2",
      "resolved": "https://registry.npmjs.org/konva/-/konva-8.4.2.tgz",
      "integrity": "sha512-4VQcrgj/PI8ydJjtLcTuinHBE8o0WGX0YoRwbiN5mpYQiC52aOzJ0XbpKNDJdRvORQphK5LP+jeM0hQJEYIuUA==",
      "funding": [
        {
          "type": "patreon",
          "url": "https://www.patreon.com/lavrton"
        },
        {
          "type": "opencollective",
          "url": "https://opencollective.com/konva"
        },
        {
          "type": "github",
          "url": "https://github.com/sponsors/lavrton"
        }
      ]
    },
    "node_modules/vue-konva": {
      "version": "2.1.7",
      "resolved": "https://registry.npmjs.org/vue-konva/-/vue-konva-2.1.7.tgz",
      "integrity": "sha512-uKFp1/tGbt9HAcTXukk/PuPtCMfCSmNyU3Feo3Av4XVfcoBgVQA69+H9r2VQMX+Vwphez1qSfGf7ZNstM3nYRw==",
      "funding": [
        {
          "type": "patreon",
          "url": "https://www.patreon.com/lavrton"
        },
        {
          "type": "opencollective",
          "url": "https://opencollective.com/konva"
        },
        {
          "type": "github",
          "url": "https://github.com/sponsors/lavrton"
        }
      ],
      "engines": {
        "node": ">= 4.0.0",
        "npm": ">= 3.0.0"
      },
      "peerDependencies": {
        "konva": ">3.2.5"
      }
    }
  },
  "dependencies": {
    "konva": {
      "version": "8.4.2",
      "resolved": "https://registry.npmjs.org/konva/-/konva-8.4.2.tgz",
      "integrity": "sha512-4VQcrgj/PI8ydJjtLcTuinHBE8o0WGX0YoRwbiN5mpYQiC52aOzJ0XbpKNDJdRvORQphK5LP+jeM0hQJEYIuUA=="
    },
    "vue-konva": {
      "version": "2.1.7",
      "resolved": "https://registry.npmjs.org/vue-konva/-/vue-konva-2.1.7.tgz",
      "integrity": "sha512-uKFp1/tGbt9HAcTXukk/PuPtCMfCSmNyU3Feo3Av4XVfcoBgVQA69+H9r2VQMX+Vwphez1qSfGf7ZNstM3nYRw==",
      "requires": {}
    }
  }
}
